
Microsoft Visual Studio Solution File, Format Version 10.00
# Visual Studio 2008
Project("{FAE04EC0-301F-11D3-BF4B-00C04F79EFBC}") = "Triggerfish.Web", "Triggerfish.Web\Triggerfish.Web.csproj", "{28DA4932-D17A-44A3-808A-76CC41EBD4A7}"
EndProject
Project("{FAE04EC0-301F-11D3-BF4B-00C04F79EFBC}") = "Triggerfish.Web.Tests", "Triggerfish.Web.Tests\Triggerfish.Web.Tests.csproj", "{40880635-D003-4381-A00D-4C46EB29C64A}"
EndProject
Project("{FAE04EC0-301F-11D3-BF4B-00C04F79EFBC}") = "Triggerfish.Testing", "Triggerfish.Testing\Triggerfish.Testing.csproj", "{3B9D3153-0029-4B08-AE6D-3DC1963662F3}"
EndProject
Project("{FAE04EC0-301F-11D3-BF4B-00C04F79EFBC}") = "Triggerfish.Testing.Tests", "Triggerfish.Testing.Tests\Triggerfish.Testing.Tests.csproj", "{DC279EB2-B6C6-4243-B49F-5B56F2949128}"
EndProject
Project("{FAE04EC0-301F-11D3-BF4B-00C04F79EFBC}") = "Triggerfish", "Triggerfish\Triggerfish.csproj", "{C336D362-D101-4103-B3AC-32AE6F77477E}"
EndProject
Project("{FAE04EC0-301F-11D3-BF4B-00C04F79EFBC}") = "Triggerfish.Tests", "Triggerfish.Tests\Triggerfish.Tests.csproj", "{1B8E97FC-6128-4D4B-996E-536775390671}"
EndProject
Project("{FAE04EC0-301F-11D3-BF4B-00C04F79EFBC}") = "Triggerfish.Ninject", "Triggerfish.Ninject\Triggerfish.Ninject.csproj", "{5CA60DF9-2168-4B8C-A359-EBE649F9C7F9}"
EndProject
Project("{FAE04EC0-301F-11D3-BF4B-00C04F79EFBC}") = "Triggerfish.NHibernate", "Triggerfish.NHibernate\Triggerfish.NHibernate.csproj", "{F8C18AEA-6FAF-4BF2-916C-661325416D62}"
EndProject
Project("{FAE04EC0-301F-11D3-BF4B-00C04F79EFBC}") = "Triggerfish.NHibernate.Tests", "Triggerfish.NHibernate.Tests\Triggerfish.NHibernate.Tests.csproj", "{1F0B8D10-DA22-4467-9F5F-87771A1BFE77}"
EndProject
Project("{2150E333-8FDC-42A3-9474-1A3956D46DE8}") = "Solution Items", "Solution Items", "{2BF3D520-5780-4DB5-8FB5-E419B7EB1218}"
	ProjectSection(SolutionItems) = preProject
		Common.vsmdi = Common.vsmdi
	EndProjectSection
EndProject
Project("{FAE04EC0-301F-11D3-BF4B-00C04F79EFBC}") = "Triggerfish.NHibernate.SchemaExporter", "Triggerfish.NHibernate.SchemaExporter\Triggerfish.NHibernate.SchemaExporter.csproj", "{2D502FF3-B4C1-4240-B1B4-4DFD56096941}"
EndProject
Global
	GlobalSection(TestCaseManagementSettings) = postSolution
		CategoryFile = Common.vsmdi
	EndGlobalSection
	GlobalSection(SolutionConfigurationPlatforms) = preSolution
		Debug|Any CPU = Debug|Any CPU
		Release|Any CPU = Release|Any CPU
	EndGlobalSection
	GlobalSection(ProjectConfigurationPlatforms) = postSolution
		{28DA4932-D17A-44A3-808A-76CC41EBD4A7}.Debug|Any CPU.ActiveCfg = Debug|Any CPU
		{28DA4932-D17A-44A3-808A-76CC41EBD4A7}.Debug|Any CPU.Build.0 = Debug|Any CPU
		{28DA4932-D17A-44A3-808A-76CC41EBD4A7}.Release|Any CPU.ActiveCfg = Release|Any CPU
		{28DA4932-D17A-44A3-808A-76CC41EBD4A7}.Release|Any CPU.Build.0 = Release|Any CPU
		{40880635-D003-4381-A00D-4C46EB29C64A}.Debug|Any CPU.ActiveCfg = Debug|Any CPU
		{40880635-D003-4381-A00D-4C46EB29C64A}.Debug|Any CPU.Build.0 = Debug|Any CPU
		{40880635-D003-4381-A00D-4C46EB29C64A}.Release|Any CPU.ActiveCfg = Release|Any CPU
		{40880635-D003-4381-A00D-4C46EB29C64A}.Release|Any CPU.Build.0 = Release|Any CPU
		{3B9D3153-0029-4B08-AE6D-3DC1963662F3}.Debug|Any CPU.ActiveCfg = Debug|Any CPU
		{3B9D3153-0029-4B08-AE6D-3DC1963662F3}.Debug|Any CPU.Build.0 = Debug|Any CPU
		{3B9D3153-0029-4B08-AE6D-3DC1963662F3}.Release|Any CPU.ActiveCfg = Release|Any CPU
		{3B9D3153-0029-4B08-AE6D-3DC1963662F3}.Release|Any CPU.Build.0 = Release|Any CPU
		{DC279EB2-B6C6-4243-B49F-5B56F2949128}.Debug|Any CPU.ActiveCfg = Debug|Any CPU
		{DC279EB2-B6C6-4243-B49F-5B56F2949128}.Debug|Any CPU.Build.0 = Debug|Any CPU
		{DC279EB2-B6C6-4243-B49F-5B56F2949128}.Release|Any CPU.ActiveCfg = Release|Any CPU
		{DC279EB2-B6C6-4243-B49F-5B56F2949128}.Release|Any CPU.Build.0 = Release|Any CPU
		{C336D362-D101-4103-B3AC-32AE6F77477E}.Debug|Any CPU.ActiveCfg = Debug|Any CPU
		{C336D362-D101-4103-B3AC-32AE6F77477E}.Debug|Any CPU.Build.0 = Debug|Any CPU
		{C336D362-D101-4103-B3AC-32AE6F77477E}.Release|Any CPU.ActiveCfg = Release|Any CPU
		{C336D362-D101-4103-B3AC-32AE6F77477E}.Release|Any CPU.Build.0 = Release|Any CPU
		{1B8E97FC-6128-4D4B-996E-536775390671}.Debug|Any CPU.ActiveCfg = Debug|Any CPU
		{1B8E97FC-6128-4D4B-996E-536775390671}.Debug|Any CPU.Build.0 = Debug|Any CPU
		{1B8E97FC-6128-4D4B-996E-536775390671}.Release|Any CPU.ActiveCfg = Release|Any CPU
		{1B8E97FC-6128-4D4B-996E-536775390671}.Release|Any CPU.Build.0 = Release|Any CPU
		{5CA60DF9-2168-4B8C-A359-EBE649F9C7F9}.Debug|Any CPU.ActiveCfg = Debug|Any CPU
		{5CA60DF9-2168-4B8C-A359-EBE649F9C7F9}.Debug|Any CPU.Build.0 = Debug|Any CPU
		{5CA60DF9-2168-4B8C-A359-EBE649F9C7F9}.Release|Any CPU.ActiveCfg = Release|Any CPU
		{5CA60DF9-2168-4B8C-A359-EBE649F9C7F9}.Release|Any CPU.Build.0 = Release|Any CPU
		{F8C18AEA-6FAF-4BF2-916C-661325416D62}.Debug|Any CPU.ActiveCfg = Debug|Any CPU
		{F8C18AEA-6FAF-4BF2-916C-661325416D62}.Debug|Any CPU.Build.0 = Debug|Any CPU
		{F8C18AEA-6FAF-4BF2-916C-661325416D62}.Release|Any CPU.ActiveCfg = Release|Any CPU
		{F8C18AEA-6FAF-4BF2-916C-661325416D62}.Release|Any CPU.Build.0 = Release|Any CPU
		{1F0B8D10-DA22-4467-9F5F-87771A1BFE77}.Debug|Any CPU.ActiveCfg = Debug|Any CPU
		{1F0B8D10-DA22-4467-9F5F-87771A1BFE77}.Debug|Any CPU.Build.0 = Debug|Any CPU
		{1F0B8D10-DA22-4467-9F5F-87771A1BFE77}.Release|Any CPU.ActiveCfg = Release|Any CPU
		{1F0B8D10-DA22-4467-9F5F-87771A1BFE77}.Release|Any CPU.Build.0 = Release|Any CPU
		{2D502FF3-B4C1-4240-B1B4-4DFD56096941}.Debug|Any CPU.ActiveCfg = Debug|Any CPU
		{2D502FF3-B4C1-4240-B1B4-4DFD56096941}.Debug|Any CPU.Build.0 = Debug|Any CPU
		{2D502FF3-B4C1-4240-B1B4-4DFD56096941}.Release|Any CPU.ActiveCfg = Release|Any CPU
		{2D502FF3-B4C1-4240-B1B4-4DFD56096941}.Release|Any CPU.Build.0 = Release|Any CPU
	EndGlobalSection
	GlobalSection(SolutionProperties) = preSolution
		HideSolutionNode = FALSE
	EndGlobalSection
EndGlobal
